# THIS IS AN AUTOGENERATED FILE. DO NOT EDIT THIS FILE DIRECTLY.
# yarn lockfile v1


"@progfay/scrapbox-parser@^7.2.0":
  version "7.2.0"
  resolved "https://registry.yarnpkg.com/@progfay/scrapbox-parser/-/scrapbox-parser-7.2.0.tgz#dc2563b2d01f4f17e48013eeee96b74eff36c72c"
  integrity sha512-8b6jReJhSHVyoAkpzu4mO0hDN1qMl5j6NXhDxTd7C6AFeVjawVxudwCAM/2x0QQkI8K/L+wnaAv1w2fy0BiKSw==

"@types/node@^18.0.0":
  version "18.0.0"
  resolved "https://registry.yarnpkg.com/@types/node/-/node-18.0.0.tgz#67c7b724e1bcdd7a8821ce0d5ee184d3b4dd525a"
  integrity sha512-cHlGmko4gWLVI27cGJntjs/Sj8th9aYwplmZFwmmgYQQvL5NUsgVJG7OddLvNfLqYS31KFN0s3qlaD9qCaxACA==

typescript@^4.7.4:
  version "4.7.4"
  resolved "https://registry.yarnpkg.com/typescript/-/typescript-4.7.4.tgz#1a88596d1cf47d59507a1bcdfb5b9dfe4d488235"
  integrity sha512-C0WQT0gezHuw6AdY1M2jxUO83Rjf0HP7Sk1DtXj6j1EwkQNZrHAg2XPWlq62oqEhYvONq5pkC2Y9oPljWToLmQ==
